
Microsoft Visual Studio Solution File, Format Version 12.00
# Visual Studio Version 17
VisualStudioVersion = 17.8.34309.116
MinimumVisualStudioVersion = 10.0.40219.1
Project("{FAE04EC0-301F-11D3-BF4B-00C04F79EFBC}") = "Практическая работа №1", "Практическая работа №1\Практическая работа №1.csproj", "{028969CB-5005-4177-9F2F-02F2393880B7}"
EndProject
Global
	GlobalSection(SolutionConfigurationPlatforms) = preSolution
		Debug|Any CPU = Debug|Any CPU
		Release|Any CPU = Release|Any CPU
	EndGlobalSection
	GlobalSection(ProjectConfigurationPlatforms) = postSolution
		{028969CB-5005-4177-9F2F-02F2393880B7}.Debug|Any CPU.ActiveCfg = Debug|Any CPU
		{028969CB-5005-4177-9F2F-02F2393880B7}.Debug|Any CPU.Build.0 = Debug|Any CPU
		{028969CB-5005-4177-9F2F-02F2393880B7}.Release|Any CPU.ActiveCfg = Release|Any CPU
		{028969CB-5005-4177-9F2F-02F2393880B7}.Release|Any CPU.Build.0 = Release|Any CPU
	EndGlobalSection
	GlobalSection(SolutionProperties) = preSolution
		HideSolutionNode = FALSE
	EndGlobalSection
	GlobalSection(ExtensibilityGlobals) = postSolution
		SolutionGuid = {79838974-B527-40A2-9E69-91CBA6095A68}
	EndGlobalSection
EndGlobal
